// !$*UTF8*$!
{
	archiveVersion = 1;
	classes = {
	};
	objectVersion = 52;
	objects = {

/* Begin PBXBuildFile section */
		444283C324024EDF005D731A /* TransactionItemFormView.swift in Sources */ = {isa = PBXBuildFile; fileRef = 444283C224024EDF005D731A /* TransactionItemFormView.swift */; };
		444283C524032988005D731A /* TransactionItemList.swift in Sources */ = {isa = PBXBuildFile; fileRef = 444283C424032988005D731A /* TransactionItemList.swift */; };
		4484BB16240C6804009ED7F7 /* Cloud.swift in Sources */ = {isa = PBXBuildFile; fileRef = 4484BB15240C6804009ED7F7 /* Cloud.swift */; };
		4484BB18240C68F9009ED7F7 /* Record.swift in Sources */ = {isa = PBXBuildFile; fileRef = 4484BB17240C68F9009ED7F7 /* Record.swift */; };
		4484BB1A240CC62B009ED7F7 /* Notifications.swift in Sources */ = {isa = PBXBuildFile; fileRef = 4484BB19240CC62B009ED7F7 /* Notifications.swift */; };
		448E26D5240353D30055702C /* ShoppingItemList.swift in Sources */ = {isa = PBXBuildFile; fileRef = 448E26D4240353D30055702C /* ShoppingItemList.swift */; };
		448E26D924037BBF0055702C /* ShoppingCategoryListView.swift in Sources */ = {isa = PBXBuildFile; fileRef = 448E26D824037BBF0055702C /* ShoppingCategoryListView.swift */; };
		448E927A2403A95D00EC2DA1 /* ShoppingCategoryFormView.swift in Sources */ = {isa = PBXBuildFile; fileRef = 448E92792403A95D00EC2DA1 /* ShoppingCategoryFormView.swift */; };
		448E927C2403AA1100EC2DA1 /* TransactionCategoryListView.swift in Sources */ = {isa = PBXBuildFile; fileRef = 448E927B2403AA1100EC2DA1 /* TransactionCategoryListView.swift */; };
		448E927E2403AB3D00EC2DA1 /* TransactionCategoryFormView.swift in Sources */ = {isa = PBXBuildFile; fileRef = 448E927D2403AB3D00EC2DA1 /* TransactionCategoryFormView.swift */; };
		448E92842403C01A00EC2DA1 /* ShoppingCategoryList.swift in Sources */ = {isa = PBXBuildFile; fileRef = 448E92832403C01A00EC2DA1 /* ShoppingCategoryList.swift */; };
		448E92862403C18700EC2DA1 /* TransactionCategoryList.swift in Sources */ = {isa = PBXBuildFile; fileRef = 448E92852403C18700EC2DA1 /* TransactionCategoryList.swift */; };
		448E92882403C43F00EC2DA1 /* ShoppingSection.swift in Sources */ = {isa = PBXBuildFile; fileRef = 448E92872403C43F00EC2DA1 /* ShoppingSection.swift */; };
		448E928A2403C45200EC2DA1 /* TransactionSection.swift in Sources */ = {isa = PBXBuildFile; fileRef = 448E92892403C45200EC2DA1 /* TransactionSection.swift */; };
		44AA4BC424103754007ACF16 /* RefreshButton.swift in Sources */ = {isa = PBXBuildFile; fileRef = 44AA4BC324103754007ACF16 /* RefreshButton.swift */; };
		44B24B8024007B3300B4EA0B /* AppDelegate.swift in Sources */ = {isa = PBXBuildFile; fileRef = 44B24B7F24007B3300B4EA0B /* AppDelegate.swift */; };
		44B24B8224007B3300B4EA0B /* SceneDelegate.swift in Sources */ = {isa = PBXBuildFile; fileRef = 44B24B8124007B3300B4EA0B /* SceneDelegate.swift */; };
		44B24B8524007B3300B4EA0B /* personal_planner.xcdatamodeld in Sources */ = {isa = PBXBuildFile; fileRef = 44B24B8324007B3300B4EA0B /* personal_planner.xcdatamodeld */; };
		44B24B8724007B3300B4EA0B /* ContentView.swift in Sources */ = {isa = PBXBuildFile; fileRef = 44B24B8624007B3300B4EA0B /* ContentView.swift */; };
		44B24B8924007B3500B4EA0B /* Assets.xcassets in Resources */ = {isa = PBXBuildFile; fileRef = 44B24B8824007B3500B4EA0B /* Assets.xcassets */; };
		44B24B8C24007B3500B4EA0B /* Preview Assets.xcassets in Resources */ = {isa = PBXBuildFile; fileRef = 44B24B8B24007B3500B4EA0B /* Preview Assets.xcassets */; };
		44B24B8F24007B3500B4EA0B /* LaunchScreen.storyboard in Resources */ = {isa = PBXBuildFile; fileRef = 44B24B8D24007B3500B4EA0B /* LaunchScreen.storyboard */; };
		44B24B9A24007B3600B4EA0B /* personal_plannerTests.swift in Sources */ = {isa = PBXBuildFile; fileRef = 44B24B9924007B3600B4EA0B /* personal_plannerTests.swift */; };
		44B24BA524007B3600B4EA0B /* personal_plannerUITests.swift in Sources */ = {isa = PBXBuildFile; fileRef = 44B24BA424007B3600B4EA0B /* personal_plannerUITests.swift */; };
		44B24BB524007C9800B4EA0B /* CloudKit.framework in Frameworks */ = {isa = PBXBuildFile; fileRef = 44B24BB424007C9800B4EA0B /* CloudKit.framework */; };
		44B24BB924009E1200B4EA0B /* ShoppingItem.swift in Sources */ = {isa = PBXBuildFile; fileRef = 44B24BB824009E1200B4EA0B /* ShoppingItem.swift */; };
		44B24BBB24009E3F00B4EA0B /* Store.swift in Sources */ = {isa = PBXBuildFile; fileRef = 44B24BBA24009E3F00B4EA0B /* Store.swift */; };
		44B24BC22400AACB00B4EA0B /* ShoppingCategory.swift in Sources */ = {isa = PBXBuildFile; fileRef = 44B24BC12400AACB00B4EA0B /* ShoppingCategory.swift */; };
		44B24BC42400AAD100B4EA0B /* TransactionItem.swift in Sources */ = {isa = PBXBuildFile; fileRef = 44B24BC32400AAD100B4EA0B /* TransactionItem.swift */; };
		44B24BC62400AAD900B4EA0B /* TransactionCategory.swift in Sources */ = {isa = PBXBuildFile; fileRef = 44B24BC52400AAD900B4EA0B /* TransactionCategory.swift */; };
		44B24BCB2400AD2100B4EA0B /* ShoppingItemListView.swift in Sources */ = {isa = PBXBuildFile; fileRef = 44B24BCA2400AD2100B4EA0B /* ShoppingItemListView.swift */; };
		44B24BCD2400AD3F00B4EA0B /* TransactionItemListView.swift in Sources */ = {isa = PBXBuildFile; fileRef = 44B24BCC2400AD3F00B4EA0B /* TransactionItemListView.swift */; };
		44B24BD02400AD5F00B4EA0B /* Toolbar.swift in Sources */ = {isa = PBXBuildFile; fileRef = 44B24BCF2400AD5F00B4EA0B /* Toolbar.swift */; };
		44B24BD22400AD7200B4EA0B /* SearchBar.swift in Sources */ = {isa = PBXBuildFile; fileRef = 44B24BD12400AD7200B4EA0B /* SearchBar.swift */; };
		44B24BD62401AA4D00B4EA0B /* ShoppingItemFormView.swift in Sources */ = {isa = PBXBuildFile; fileRef = 44B24BD52401AA4D00B4EA0B /* ShoppingItemFormView.swift */; };
		44B24BD82401AD7A00B4EA0B /* ConversionUtils.swift in Sources */ = {isa = PBXBuildFile; fileRef = 44B24BD72401AD7A00B4EA0B /* ConversionUtils.swift */; };
/* End PBXBuildFile section */

/* Begin PBXContainerItemProxy section */
		44B24B9624007B3600B4EA0B /* PBXContainerItemProxy */ = {
			isa = PBXContainerItemProxy;
			containerPortal = 44B24B7424007B3300B4EA0B /* Project object */;
			proxyType = 1;
			remoteGlobalIDString = 44B24B7B24007B3300B4EA0B;
			remoteInfo = "personal-planner";
		};
		44B24BA124007B3600B4EA0B /* PBXContainerItemProxy */ = {
			isa = PBXContainerItemProxy;
			containerPortal = 44B24B7424007B3300B4EA0B /* Project object */;
			proxyType = 1;
			remoteGlobalIDString = 44B24B7B24007B3300B4EA0B;
			remoteInfo = "personal-planner";
		};
/* End PBXContainerItemProxy section */

/* Begin PBXFileReference section */
		444283C224024EDF005D731A /* TransactionItemFormView.swift */ = {isa = PBXFileReference; lastKnownFileType = sourcecode.swift; path = TransactionItemFormView.swift; sourceTree = "<group>"; };
		444283C424032988005D731A /* TransactionItemList.swift */ = {isa = PBXFileReference; lastKnownFileType = sourcecode.swift; path = TransactionItemList.swift; sourceTree = "<group>"; };
		4484BB15240C6804009ED7F7 /* Cloud.swift */ = {isa = PBXFileReference; lastKnownFileType = sourcecode.swift; path = Cloud.swift; sourceTree = "<group>"; };
		4484BB17240C68F9009ED7F7 /* Record.swift */ = {isa = PBXFileReference; lastKnownFileType = sourcecode.swift; path = Record.swift; sourceTree = "<group>"; };
		4484BB19240CC62B009ED7F7 /* Notifications.swift */ = {isa = PBXFileReference; lastKnownFileType = sourcecode.swift; path = Notifications.swift; sourceTree = "<group>"; };
		448E26D4240353D30055702C /* ShoppingItemList.swift */ = {isa = PBXFileReference; lastKnownFileType = sourcecode.swift; path = ShoppingItemList.swift; sourceTree = "<group>"; };
		448E26D824037BBF0055702C /* ShoppingCategoryListView.swift */ = {isa = PBXFileReference; lastKnownFileType = sourcecode.swift; path = ShoppingCategoryListView.swift; sourceTree = "<group>"; };
		448E92792403A95D00EC2DA1 /* ShoppingCategoryFormView.swift */ = {isa = PBXFileReference; lastKnownFileType = sourcecode.swift; path = ShoppingCategoryFormView.swift; sourceTree = "<group>"; };
		448E927B2403AA1100EC2DA1 /* TransactionCategoryListView.swift */ = {isa = PBXFileReference; lastKnownFileType = sourcecode.swift; path = TransactionCategoryListView.swift; sourceTree = "<group>"; };
		448E927D2403AB3D00EC2DA1 /* TransactionCategoryFormView.swift */ = {isa = PBXFileReference; lastKnownFileType = sourcecode.swift; path = TransactionCategoryFormView.swift; sourceTree = "<group>"; };
		448E92832403C01A00EC2DA1 /* ShoppingCategoryList.swift */ = {isa = PBXFileReference; lastKnownFileType = sourcecode.swift; path = ShoppingCategoryList.swift; sourceTree = "<group>"; };
		448E92852403C18700EC2DA1 /* TransactionCategoryList.swift */ = {isa = PBXFileReference; lastKnownFileType = sourcecode.swift; path = TransactionCategoryList.swift; sourceTree = "<group>"; };
		448E92872403C43F00EC2DA1 /* ShoppingSection.swift */ = {isa = PBXFileReference; lastKnownFileType = sourcecode.swift; path = ShoppingSection.swift; sourceTree = "<group>"; };
		448E92892403C45200EC2DA1 /* TransactionSection.swift */ = {isa = PBXFileReference; lastKnownFileType = sourcecode.swift; path = TransactionSection.swift; sourceTree = "<group>"; };
		44AA4BC324103754007ACF16 /* RefreshButton.swift */ = {isa = PBXFileReference; lastKnownFileType = sourcecode.swift; path = RefreshButton.swift; sourceTree = "<group>"; };
		44B24B7C24007B3300B4EA0B /* personal-planner.app */ = {isa = PBXFileReference; explicitFileType = wrapper.application; includeInIndex = 0; path = "personal-planner.app"; sourceTree = BUILT_PRODUCTS_DIR; };
		44B24B7F24007B3300B4EA0B /* AppDelegate.swift */ = {isa = PBXFileReference; lastKnownFileType = sourcecode.swift; path = AppDelegate.swift; sourceTree = "<group>"; };
		44B24B8124007B3300B4EA0B /* SceneDelegate.swift */ = {isa = PBXFileReference; lastKnownFileType = sourcecode.swift; path = SceneDelegate.swift; sourceTree = "<group>"; };
		44B24B8424007B3300B4EA0B /* personal_planner.xcdatamodel */ = {isa = PBXFileReference; lastKnownFileType = wrapper.xcdatamodel; path = personal_planner.xcdatamodel; sourceTree = "<group>"; };
		44B24B8624007B3300B4EA0B /* ContentView.swift */ = {isa = PBXFileReference; lastKnownFileType = sourcecode.swift; path = ContentView.swift; sourceTree = "<group>"; };
		44B24B8824007B3500B4EA0B /* Assets.xcassets */ = {isa = PBXFileReference; lastKnownFileType = folder.assetcatalog; path = Assets.xcassets; sourceTree = "<group>"; };
		44B24B8B24007B3500B4EA0B /* Preview Assets.xcassets */ = {isa = PBXFileReference; lastKnownFileType = folder.assetcatalog; path = "Preview Assets.xcassets"; sourceTree = "<group>"; };
		44B24B8E24007B3500B4EA0B /* Base */ = {isa = PBXFileReference; lastKnownFileType = file.storyboard; name = Base; path = Base.lproj/LaunchScreen.storyboard; sourceTree = "<group>"; };
		44B24B9024007B3500B4EA0B /* Info.plist */ = {isa = PBXFileReference; lastKnownFileType = text.plist.xml; path = Info.plist; sourceTree = "<group>"; };
		44B24B9524007B3600B4EA0B /* personal-plannerTests.xctest */ = {isa = PBXFileReference; explicitFileType = wrapper.cfbundle; includeInIndex = 0; path = "personal-plannerTests.xctest"; sourceTree = BUILT_PRODUCTS_DIR; };
		44B24B9924007B3600B4EA0B /* personal_plannerTests.swift */ = {isa = PBXFileReference; lastKnownFileType = sourcecode.swift; path = personal_plannerTests.swift; sourceTree = "<group>"; };
		44B24B9B24007B3600B4EA0B /* Info.plist */ = {isa = PBXFileReference; lastKnownFileType = text.plist.xml; path = Info.plist; sourceTree = "<group>"; };
		44B24BA024007B3600B4EA0B /* personal-plannerUITests.xctest */ = {isa = PBXFileReference; explicitFileType = wrapper.cfbundle; includeInIndex = 0; path = "personal-plannerUITests.xctest"; sourceTree = BUILT_PRODUCTS_DIR; };
		44B24BA424007B3600B4EA0B /* personal_plannerUITests.swift */ = {isa = PBXFileReference; lastKnownFileType = sourcecode.swift; path = personal_plannerUITests.swift; sourceTree = "<group>"; };
		44B24BA624007B3600B4EA0B /* Info.plist */ = {isa = PBXFileReference; lastKnownFileType = text.plist.xml; path = Info.plist; sourceTree = "<group>"; };
		44B24BB224007C2800B4EA0B /* personal-planner.entitlements */ = {isa = PBXFileReference; lastKnownFileType = text.plist.entitlements; path = "personal-planner.entitlements"; sourceTree = "<group>"; };
		44B24BB424007C9800B4EA0B /* CloudKit.framework */ = {isa = PBXFileReference; lastKnownFileType = wrapper.framework; name = CloudKit.framework; path = System/Library/Frameworks/CloudKit.framework; sourceTree = SDKROOT; };
		44B24BB824009E1200B4EA0B /* ShoppingItem.swift */ = {isa = PBXFileReference; lastKnownFileType = sourcecode.swift; path = ShoppingItem.swift; sourceTree = "<group>"; };
		44B24BBA24009E3F00B4EA0B /* Store.swift */ = {isa = PBXFileReference; lastKnownFileType = sourcecode.swift; path = Store.swift; sourceTree = "<group>"; };
		44B24BC12400AACB00B4EA0B /* ShoppingCategory.swift */ = {isa = PBXFileReference; lastKnownFileType = sourcecode.swift; path = ShoppingCategory.swift; sourceTree = "<group>"; };
		44B24BC32400AAD100B4EA0B /* TransactionItem.swift */ = {isa = PBXFileReference; lastKnownFileType = sourcecode.swift; path = TransactionItem.swift; sourceTree = "<group>"; };
		44B24BC52400AAD900B4EA0B /* TransactionCategory.swift */ = {isa = PBXFileReference; lastKnownFileType = sourcecode.swift; path = TransactionCategory.swift; sourceTree = "<group>"; };
		44B24BCA2400AD2100B4EA0B /* ShoppingItemListView.swift */ = {isa = PBXFileReference; lastKnownFileType = sourcecode.swift; path = ShoppingItemListView.swift; sourceTree = "<group>"; };
		44B24BCC2400AD3F00B4EA0B /* TransactionItemListView.swift */ = {isa = PBXFileReference; lastKnownFileType = sourcecode.swift; path = TransactionItemListView.swift; sourceTree = "<group>"; };
		44B24BCF2400AD5F00B4EA0B /* Toolbar.swift */ = {isa = PBXFileReference; lastKnownFileType = sourcecode.swift; path = Toolbar.swift; sourceTree = "<group>"; };
		44B24BD12400AD7200B4EA0B /* SearchBar.swift */ = {isa = PBXFileReference; lastKnownFileType = sourcecode.swift; path = SearchBar.swift; sourceTree = "<group>"; };
		44B24BD52401AA4D00B4EA0B /* ShoppingItemFormView.swift */ = {isa = PBXFileReference; lastKnownFileType = sourcecode.swift; path = ShoppingItemFormView.swift; sourceTree = "<group>"; };
		44B24BD72401AD7A00B4EA0B /* ConversionUtils.swift */ = {isa = PBXFileReference; lastKnownFileType = sourcecode.swift; path = ConversionUtils.swift; sourceTree = "<group>"; };
/* End PBXFileReference section */

/* Begin PBXFrameworksBuildPhase section */
		44B24B7924007B3300B4EA0B /* Frameworks */ = {
			isa = PBXFrameworksBuildPhase;
			buildActionMask = 2147483647;
			files = (
				44B24BB524007C9800B4EA0B /* CloudKit.framework in Frameworks */,
			);
			runOnlyForDeploymentPostprocessing = 0;
		};
		44B24B9224007B3600B4EA0B /* Frameworks */ = {
			isa = PBXFrameworksBuildPhase;
			buildActionMask = 2147483647;
			files = (
			);
			runOnlyForDeploymentPostprocessing = 0;
		};
		44B24B9D24007B3600B4EA0B /* Frameworks */ = {
			isa = PBXFrameworksBuildPhase;
			buildActionMask = 2147483647;
			files = (
			);
			runOnlyForDeploymentPostprocessing = 0;
		};
/* End PBXFrameworksBuildPhase section */

/* Begin PBXGroup section */
		448E26D6240359150055702C /* Shopping */ = {
			isa = PBXGroup;
			children = (
				44B24BCA2400AD2100B4EA0B /* ShoppingItemListView.swift */,
				448E26D824037BBF0055702C /* ShoppingCategoryListView.swift */,
				448E92822403BC3800EC2DA1 /* Forms */,
				448E927F2403BA5300EC2DA1 /* Lists */,
			);
			path = Shopping;
			sourceTree = "<group>";
		};
		448E26D7240359260055702C /* Transaction */ = {
			isa = PBXGroup;
			children = (
				44B24BCC2400AD3F00B4EA0B /* TransactionItemListView.swift */,
				448E927B2403AA1100EC2DA1 /* TransactionCategoryListView.swift */,
				448E92812403BC3100EC2DA1 /* Forms */,
				448E92802403BA6200EC2DA1 /* Lists */,
			);
			path = Transaction;
			sourceTree = "<group>";
		};
		448E927F2403BA5300EC2DA1 /* Lists */ = {
			isa = PBXGroup;
			children = (
				448E26D4240353D30055702C /* ShoppingItemList.swift */,
				448E92832403C01A00EC2DA1 /* ShoppingCategoryList.swift */,
			);
			path = Lists;
			sourceTree = "<group>";
		};
		448E92802403BA6200EC2DA1 /* Lists */ = {
			isa = PBXGroup;
			children = (
				444283C424032988005D731A /* TransactionItemList.swift */,
				448E92852403C18700EC2DA1 /* TransactionCategoryList.swift */,
			);
			path = Lists;
			sourceTree = "<group>";
		};
		448E92812403BC3100EC2DA1 /* Forms */ = {
			isa = PBXGroup;
			children = (
				444283C224024EDF005D731A /* TransactionItemFormView.swift */,
				448E927D2403AB3D00EC2DA1 /* TransactionCategoryFormView.swift */,
			);
			path = Forms;
			sourceTree = "<group>";
		};
		448E92822403BC3800EC2DA1 /* Forms */ = {
			isa = PBXGroup;
			children = (
				44B24BD52401AA4D00B4EA0B /* ShoppingItemFormView.swift */,
				448E92792403A95D00EC2DA1 /* ShoppingCategoryFormView.swift */,
			);
			path = Forms;
			sourceTree = "<group>";
		};
		44AA4BB8240E2938007ACF16 /* Model */ = {
			isa = PBXGroup;
			children = (
				44B24BB824009E1200B4EA0B /* ShoppingItem.swift */,
				44B24BC12400AACB00B4EA0B /* ShoppingCategory.swift */,
				44B24BC32400AAD100B4EA0B /* TransactionItem.swift */,
				44B24BC52400AAD900B4EA0B /* TransactionCategory.swift */,
				448E92872403C43F00EC2DA1 /* ShoppingSection.swift */,
				448E92892403C45200EC2DA1 /* TransactionSection.swift */,
				4484BB17240C68F9009ED7F7 /* Record.swift */,
			);
			path = Model;
			sourceTree = "<group>";
		};
		44B24B7324007B3300B4EA0B = {
			isa = PBXGroup;
			children = (
				44B24B7E24007B3300B4EA0B /* personal-planner */,
				44B24B9824007B3600B4EA0B /* personal-plannerTests */,
				44B24BA324007B3600B4EA0B /* personal-plannerUITests */,
				44B24B7D24007B3300B4EA0B /* Products */,
				44B24BB324007C9800B4EA0B /* Frameworks */,
			);
			sourceTree = "<group>";
		};
		44B24B7D24007B3300B4EA0B /* Products */ = {
			isa = PBXGroup;
			children = (
				44B24B7C24007B3300B4EA0B /* personal-planner.app */,
				44B24B9524007B3600B4EA0B /* personal-plannerTests.xctest */,
				44B24BA024007B3600B4EA0B /* personal-plannerUITests.xctest */,
			);
			name = Products;
			sourceTree = "<group>";
		};
		44B24B7E24007B3300B4EA0B /* personal-planner */ = {
			isa = PBXGroup;
			children = (
				44B24BB224007C2800B4EA0B /* personal-planner.entitlements */,
				44B24B7F24007B3300B4EA0B /* AppDelegate.swift */,
				44B24B8124007B3300B4EA0B /* SceneDelegate.swift */,
				44B24BC72400ACAE00B4EA0B /* Utils */,
				44B24BB624009DEF00B4EA0B /* Views */,
				44B24BB724009DFC00B4EA0B /* Data */,
				44B24BCE2400AD5100B4EA0B /* Components */,
				44B24B8824007B3500B4EA0B /* Assets.xcassets */,
				44B24B8D24007B3500B4EA0B /* LaunchScreen.storyboard */,
				44B24B9024007B3500B4EA0B /* Info.plist */,
				44B24B8324007B3300B4EA0B /* personal_planner.xcdatamodeld */,
				44B24B8A24007B3500B4EA0B /* Preview Content */,
			);
			path = "personal-planner";
			sourceTree = "<group>";
		};
		44B24B8A24007B3500B4EA0B /* Preview Content */ = {
			isa = PBXGroup;
			children = (
				44B24B8B24007B3500B4EA0B /* Preview Assets.xcassets */,
			);
			path = "Preview Content";
			sourceTree = "<group>";
		};
		44B24B9824007B3600B4EA0B /* personal-plannerTests */ = {
			isa = PBXGroup;
			children = (
				44B24B9924007B3600B4EA0B /* personal_plannerTests.swift */,
				44B24B9B24007B3600B4EA0B /* Info.plist */,
			);
			path = "personal-plannerTests";
			sourceTree = "<group>";
		};
		44B24BA324007B3600B4EA0B /* personal-plannerUITests */ = {
			isa = PBXGroup;
			children = (
				44B24BA424007B3600B4EA0B /* personal_plannerUITests.swift */,
				44B24BA624007B3600B4EA0B /* Info.plist */,
			);
			path = "personal-plannerUITests";
			sourceTree = "<group>";
		};
		44B24BB324007C9800B4EA0B /* Frameworks */ = {
			isa = PBXGroup;
			children = (
				44B24BB424007C9800B4EA0B /* CloudKit.framework */,
			);
			name = Frameworks;
			sourceTree = "<group>";
		};
		44B24BB624009DEF00B4EA0B /* Views */ = {
			isa = PBXGroup;
			children = (
				44B24B8624007B3300B4EA0B /* ContentView.swift */,
				448E26D6240359150055702C /* Shopping */,
				448E26D7240359260055702C /* Transaction */,
			);
			path = Views;
			sourceTree = "<group>";
		};
		44B24BB724009DFC00B4EA0B /* Data */ = {
			isa = PBXGroup;
			children = (
				44AA4BB8240E2938007ACF16 /* Model */,
				44B24BBA24009E3F00B4EA0B /* Store.swift */,
				4484BB15240C6804009ED7F7 /* Cloud.swift */,
				4484BB19240CC62B009ED7F7 /* Notifications.swift */,
			);
			path = Data;
			sourceTree = "<group>";
		};
		44B24BC72400ACAE00B4EA0B /* Utils */ = {
			isa = PBXGroup;
			children = (
				44B24BD72401AD7A00B4EA0B /* ConversionUtils.swift */,
			);
			path = Utils;
			sourceTree = "<group>";
		};
		44B24BCE2400AD5100B4EA0B /* Components */ = {
			isa = PBXGroup;
			children = (
				44B24BCF2400AD5F00B4EA0B /* Toolbar.swift */,
				44B24BD12400AD7200B4EA0B /* SearchBar.swift */,
				44AA4BC324103754007ACF16 /* RefreshButton.swift */,
			);
			path = Components;
			sourceTree = "<group>";
		};
/* End PBXGroup section */

/* Begin PBXNativeTarget section */
		44B24B7B24007B3300B4EA0B /* personal-planner */ = {
			isa = PBXNativeTarget;
			buildConfigurationList = 44B24BA924007B3600B4EA0B /* Build configuration list for PBXNativeTarget "personal-planner" */;
			buildPhases = (
				44B24B7824007B3300B4EA0B /* Sources */,
				44B24B7924007B3300B4EA0B /* Frameworks */,
				44B24B7A24007B3300B4EA0B /* Resources */,
			);
			buildRules = (
			);
			dependencies = (
			);
			name = "personal-planner";
			packageProductDependencies = (
			);
			productName = "personal-planner";
			productReference = 44B24B7C24007B3300B4EA0B /* personal-planner.app */;
			productType = "com.apple.product-type.application";
		};
		44B24B9424007B3600B4EA0B /* personal-plannerTests */ = {
			isa = PBXNativeTarget;
			buildConfigurationList = 44B24BAC24007B3600B4EA0B /* Build configuration list for PBXNativeTarget "personal-plannerTests" */;
			buildPhases = (
				44B24B9124007B3600B4EA0B /* Sources */,
				44B24B9224007B3600B4EA0B /* Frameworks */,
				44B24B9324007B3600B4EA0B /* Resources */,
			);
			buildRules = (
			);
			dependencies = (
				44B24B9724007B3600B4EA0B /* PBXTargetDependency */,
			);
			name = "personal-plannerTests";
			productName = "personal-plannerTests";
			productReference = 44B24B9524007B3600B4EA0B /* personal-plannerTests.xctest */;
			productType = "com.apple.product-type.bundle.unit-test";
		};
		44B24B9F24007B3600B4EA0B /* personal-plannerUITests */ = {
			isa = PBXNativeTarget;
			buildConfigurationList = 44B24BAF24007B3600B4EA0B /* Build configuration list for PBXNativeTarget "personal-plannerUITests" */;
			buildPhases = (
				44B24B9C24007B3600B4EA0B /* Sources */,
				44B24B9D24007B3600B4EA0B /* Frameworks */,
				44B24B9E24007B3600B4EA0B /* Resources */,
			);
			buildRules = (
			);
			dependencies = (
				44B24BA224007B3600B4EA0B /* PBXTargetDependency */,
			);
			name = "personal-plannerUITests";
			productName = "personal-plannerUITests";
			productReference = 44B24BA024007B3600B4EA0B /* personal-plannerUITests.xctest */;
			productType = "com.apple.product-type.bundle.ui-testing";
		};
/* End PBXNativeTarget section */

/* Begin PBXProject section */
		44B24B7424007B3300B4EA0B /* Project object */ = {
			isa = PBXProject;
			attributes = {
				LastSwiftUpdateCheck = 1130;
				LastUpgradeCheck = 1130;
				ORGANIZATIONNAME = "Calvin Aquino";
				TargetAttributes = {
					44B24B7B24007B3300B4EA0B = {
						CreatedOnToolsVersion = 11.3.1;
					};
					44B24B9424007B3600B4EA0B = {
						CreatedOnToolsVersion = 11.3.1;
						TestTargetID = 44B24B7B24007B3300B4EA0B;
					};
					44B24B9F24007B3600B4EA0B = {
						CreatedOnToolsVersion = 11.3.1;
						TestTargetID = 44B24B7B24007B3300B4EA0B;
					};
				};
			};
			buildConfigurationList = 44B24B7724007B3300B4EA0B /* Build configuration list for PBXProject "personal-planner" */;
			compatibilityVersion = "Xcode 11.0";
			developmentRegion = en;
			hasScannedForEncodings = 0;
			knownRegions = (
				en,
				Base,
			);
			mainGroup = 44B24B7324007B3300B4EA0B;
			packageReferences = (
			);
			productRefGroup = 44B24B7D24007B3300B4EA0B /* Products */;
			projectDirPath = "";
			projectRoot = "";
			targets = (
				44B24B7B24007B3300B4EA0B /* personal-planner */,
				44B24B9424007B3600B4EA0B /* personal-plannerTests */,
				44B24B9F24007B3600B4EA0B /* personal-plannerUITests */,
			);
		};
/* End PBXProject section */

/* Begin PBXResourcesBuildPhase section */
		44B24B7A24007B3300B4EA0B /* Resources */ = {
			isa = PBXResourcesBuildPhase;
			buildActionMask = 2147483647;
			files = (
				44B24B8F24007B3500B4EA0B /* LaunchScreen.storyboard in Resources */,
				44B24B8C24007B3500B4EA0B /* Preview Assets.xcassets in Resources */,
				44B24B8924007B3500B4EA0B /* Assets.xcassets in Resources */,
			);
			runOnlyForDeploymentPostprocessing = 0;
		};
		44B24B9324007B3600B4EA0B /* Resources */ = {
			isa = PBXResourcesBuildPhase;
			buildActionMask = 2147483647;
			files = (
			);
			runOnlyForDeploymentPostprocessing = 0;
		};
		44B24B9E24007B3600B4EA0B /* Resources */ = {
			isa = PBXResourcesBuildPhase;
			buildActionMask = 2147483647;
			files = (
			);
			runOnlyForDeploymentPostprocessing = 0;
		};
/* End PBXResourcesBuildPhase section */

/* Begin PBXSourcesBuildPhase section */
		44B24B7824007B3300B4EA0B /* Sources */ = {
			isa = PBXSourcesBuildPhase;
			buildActionMask = 2147483647;
			files = (
				448E927E2403AB3D00EC2DA1 /* TransactionCategoryFormView.swift in Sources */,
				44B24B8524007B3300B4EA0B /* personal_planner.xcdatamodeld in Sources */,
				4484BB1A240CC62B009ED7F7 /* Notifications.swift in Sources */,
				44B24BD02400AD5F00B4EA0B /* Toolbar.swift in Sources */,
				44B24B8024007B3300B4EA0B /* AppDelegate.swift in Sources */,
				4484BB18240C68F9009ED7F7 /* Record.swift in Sources */,
				44B24B8724007B3300B4EA0B /* ContentView.swift in Sources */,
				44AA4BC424103754007ACF16 /* RefreshButton.swift in Sources */,
				44B24BBB24009E3F00B4EA0B /* Store.swift in Sources */,
				44B24BC22400AACB00B4EA0B /* ShoppingCategory.swift in Sources */,
				448E92842403C01A00EC2DA1 /* ShoppingCategoryList.swift in Sources */,
				448E26D924037BBF0055702C /* ShoppingCategoryListView.swift in Sources */,
				44B24BCB2400AD2100B4EA0B /* ShoppingItemListView.swift in Sources */,
				448E927A2403A95D00EC2DA1 /* ShoppingCategoryFormView.swift in Sources */,
				44B24BD22400AD7200B4EA0B /* SearchBar.swift in Sources */,
				448E92862403C18700EC2DA1 /* TransactionCategoryList.swift in Sources */,
				44B24BD82401AD7A00B4EA0B /* ConversionUtils.swift in Sources */,
				448E92882403C43F00EC2DA1 /* ShoppingSection.swift in Sources */,
				444283C324024EDF005D731A /* TransactionItemFormView.swift in Sources */,
				44B24BC42400AAD100B4EA0B /* TransactionItem.swift in Sources */,
				44B24BD62401AA4D00B4EA0B /* ShoppingItemFormView.swift in Sources */,
				448E927C2403AA1100EC2DA1 /* TransactionCategoryListView.swift in Sources */,
				44B24BB924009E1200B4EA0B /* ShoppingItem.swift in Sources */,
				448E928A2403C45200EC2DA1 /* TransactionSection.swift in Sources */,
				448E26D5240353D30055702C /* ShoppingItemList.swift in Sources */,
				444283C524032988005D731A /* TransactionItemList.swift in Sources */,
				44B24B8224007B3300B4EA0B /* SceneDelegate.swift in Sources */,
				4484BB16240C6804009ED7F7 /* Cloud.swift in Sources */,
				44B24BCD2400AD3F00B4EA0B /* TransactionItemListView.swift in Sources */,
				44B24BC62400AAD900B4EA0B /* TransactionCategory.swift in Sources */,
			);
			runOnlyForDeploymentPostprocessing = 0;
		};
		44B24B9124007B3600B4EA0B /* Sources */ = {
			isa = PBXSourcesBuildPhase;
			buildActionMask = 2147483647;
			files = (
				44B24B9A24007B3600B4EA0B /* personal_plannerTests.swift in Sources */,
			);
			runOnlyForDeploymentPostprocessing = 0;
		};
		44B24B9C24007B3600B4EA0B /* Sources */ = {
			isa = PBXSourcesBuildPhase;
			buildActionMask = 2147483647;
			files = (
				44B24BA524007B3600B4EA0B /* personal_plannerUITests.swift in Sources */,
			);
			runOnlyForDeploymentPostprocessing = 0;
		};
/* End PBXSourcesBuildPhase section */

/* Begin PBXTargetDependency section */
		44B24B9724007B3600B4EA0B /* PBXTargetDependency */ = {
			isa = PBXTargetDependency;
			target = 44B24B7B24007B3300B4EA0B /* personal-planner */;
			targetProxy = 44B24B9624007B3600B4EA0B /* PBXContainerItemProxy */;
		};
		44B24BA224007B3600B4EA0B /* PBXTargetDependency */ = {
			isa = PBXTargetDependency;
			target = 44B24B7B24007B3300B4EA0B /* personal-planner */;
			targetProxy = 44B24BA124007B3600B4EA0B /* PBXContainerItemProxy */;
		};
/* End PBXTargetDependency section */

/* Begin PBXVariantGroup section */
		44B24B8D24007B3500B4EA0B /* LaunchScreen.storyboard */ = {
			isa = PBXVariantGroup;
			children = (
				44B24B8E24007B3500B4EA0B /* Base */,
			);
			name = LaunchScreen.storyboard;
			sourceTree = "<group>";
		};
/* End PBXVariantGroup section */

/* Begin XCBuildConfiguration section */
		44B24BA724007B3600B4EA0B /* Debug */ = {
			isa = XCBuildConfiguration;
			buildSettings = {
				ALWAYS_SEARCH_USER_PATHS = NO;
				CLANG_ANALYZER_NONNULL = YES;
				CLANG_ANALYZER_NUMBER_OBJECT_CONVERSION = YES_AGGRESSIVE;
				CLANG_CXX_LANGUAGE_STANDARD = "gnu++14";
				CLANG_CXX_LIBRARY = "libc++";
				CLANG_ENABLE_MODULES = YES;
				CLANG_ENABLE_OBJC_ARC = YES;
				CLANG_ENABLE_OBJC_WEAK = YES;
				CLANG_WARN_BLOCK_CAPTURE_AUTORELEASING = YES;
				CLANG_WARN_BOOL_CONVERSION = YES;
				CLANG_WARN_COMMA = YES;
				CLANG_WARN_CONSTANT_CONVERSION = YES;
				CLANG_WARN_DEPRECATED_OBJC_IMPLEMENTATIONS = YES;
				CLANG_WARN_DIRECT_OBJC_ISA_USAGE = YES_ERROR;
				CLANG_WARN_DOCUMENTATION_COMMENTS = YES;
				CLANG_WARN_EMPTY_BODY = YES;
				CLANG_WARN_ENUM_CONVERSION = YES;
				CLANG_WARN_INFINITE_RECURSION = YES;
				CLANG_WARN_INT_CONVERSION = YES;
				CLANG_WARN_NON_LITERAL_NULL_CONVERSION = YES;
				CLANG_WARN_OBJC_IMPLICIT_RETAIN_SELF = YES;
				CLANG_WARN_OBJC_LITERAL_CONVERSION = YES;
				CLANG_WARN_OBJC_ROOT_CLASS = YES_ERROR;
				CLANG_WARN_RANGE_LOOP_ANALYSIS = YES;
				CLANG_WARN_STRICT_PROTOTYPES = YES;
				CLANG_WARN_SUSPICIOUS_MOVE = YES;
				CLANG_WARN_UNGUARDED_AVAILABILITY = YES_AGGRESSIVE;
				CLANG_WARN_UNREACHABLE_CODE = YES;
				CLANG_WARN__DUPLICATE_METHOD_MATCH = YES;
				COPY_PHASE_STRIP = NO;
				DEBUG_INFORMATION_FORMAT = dwarf;
				ENABLE_STRICT_OBJC_MSGSEND = YES;
				ENABLE_TESTABILITY = YES;
				GCC_C_LANGUAGE_STANDARD = gnu11;
				GCC_DYNAMIC_NO_PIC = NO;
				GCC_NO_COMMON_BLOCKS = YES;
				GCC_OPTIMIZATION_LEVEL = 0;
				GCC_PREPROCESSOR_DEFINITIONS = (
					"DEBUG=1",
					"$(inherited)",
				);
				GCC_WARN_64_TO_32_BIT_CONVERSION = YES;
				GCC_WARN_ABOUT_RETURN_TYPE = YES_ERROR;
				GCC_WARN_UNDECLARED_SELECTOR = YES;
				GCC_WARN_UNINITIALIZED_AUTOS = YES_AGGRESSIVE;
				GCC_WARN_UNUSED_FUNCTION = YES;
				GCC_WARN_UNUSED_VARIABLE = YES;
				IPHONEOS_DEPLOYMENT_TARGET = 13.2;
				MTL_ENABLE_DEBUG_INFO = INCLUDE_SOURCE;
				MTL_FAST_MATH = YES;
				ONLY_ACTIVE_ARCH = YES;
				SDKROOT = iphoneos;
				SWIFT_ACTIVE_COMPILATION_CONDITIONS = DEBUG;
				SWIFT_OPTIMIZATION_LEVEL = "-Onone";
			};
			name = Debug;
		};
		44B24BA824007B3600B4EA0B /* Release */ = {
			isa = XCBuildConfiguration;
			buildSettings = {
				ALWAYS_SEARCH_USER_PATHS = NO;
				CLANG_ANALYZER_NONNULL = YES;
				CLANG_ANALYZER_NUMBER_OBJECT_CONVERSION = YES_AGGRESSIVE;
				CLANG_CXX_LANGUAGE_STANDARD = "gnu++14";
				CLANG_CXX_LIBRARY = "libc++";
				CLANG_ENABLE_MODULES = YES;
				CLANG_ENABLE_OBJC_ARC = YES;
				CLANG_ENABLE_OBJC_WEAK = YES;
				CLANG_WARN_BLOCK_CAPTURE_AUTORELEASING = YES;
				CLANG_WARN_BOOL_CONVERSION = YES;
				CLANG_WARN_COMMA = YES;
				CLANG_WARN_CONSTANT_CONVERSION = YES;
				CLANG_WARN_DEPRECATED_OBJC_IMPLEMENTATIONS = YES;
				CLANG_WARN_DIRECT_OBJC_ISA_USAGE = YES_ERROR;
				CLANG_WARN_DOCUMENTATION_COMMENTS = YES;
				CLANG_WARN_EMPTY_BODY = YES;
				CLANG_WARN_ENUM_CONVERSION = YES;
				CLANG_WARN_INFINITE_RECURSION = YES;
				CLANG_WARN_INT_CONVERSION = YES;
				CLANG_WARN_NON_LITERAL_NULL_CONVERSION = YES;
				CLANG_WARN_OBJC_IMPLICIT_RETAIN_SELF = YES;
				CLANG_WARN_OBJC_LITERAL_CONVERSION = YES;
				CLANG_WARN_OBJC_ROOT_CLASS = YES_ERROR;
				CLANG_WARN_RANGE_LOOP_ANALYSIS = YES;
				CLANG_WARN_STRICT_PROTOTYPES = YES;
				CLANG_WARN_SUSPICIOUS_MOVE = YES;
				CLANG_WARN_UNGUARDED_AVAILABILITY = YES_AGGRESSIVE;
				CLANG_WARN_UNREACHABLE_CODE = YES;
				CLANG_WARN__DUPLICATE_METHOD_MATCH = YES;
				COPY_PHASE_STRIP = NO;
				DEBUG_INFORMATION_FORMAT = "dwarf-with-dsym";
				ENABLE_NS_ASSERTIONS = NO;
				ENABLE_STRICT_OBJC_MSGSEND = YES;
				GCC_C_LANGUAGE_STANDARD = gnu11;
				GCC_NO_COMMON_BLOCKS = YES;
				GCC_WARN_64_TO_32_BIT_CONVERSION = YES;
				GCC_WARN_ABOUT_RETURN_TYPE = YES_ERROR;
				GCC_WARN_UNDECLARED_SELECTOR = YES;
				GCC_WARN_UNINITIALIZED_AUTOS = YES_AGGRESSIVE;
				GCC_WARN_UNUSED_FUNCTION = YES;
				GCC_WARN_UNUSED_VARIABLE = YES;
				IPHONEOS_DEPLOYMENT_TARGET = 13.2;
				MTL_ENABLE_DEBUG_INFO = NO;
				MTL_FAST_MATH = YES;
				SDKROOT = iphoneos;
				SWIFT_COMPILATION_MODE = wholemodule;
				SWIFT_OPTIMIZATION_LEVEL = "-O";
				VALIDATE_PRODUCT = YES;
			};
			name = Release;
		};
		44B24BAA24007B3600B4EA0B /* Debug */ = {
			isa = XCBuildConfiguration;
			buildSettings = {
				ASSETCATALOG_COMPILER_APPICON_NAME = AppIcon;
				CODE_SIGN_ENTITLEMENTS = "personal-planner/personal-planner.entitlements";
				CODE_SIGN_STYLE = Automatic;
				DERIVE_MACCATALYST_PRODUCT_BUNDLE_IDENTIFIER = YES;
				DEVELOPMENT_ASSET_PATHS = "\"personal-planner/Preview Content\"";
				DEVELOPMENT_TEAM = 5F35F2ZNFF;
				ENABLE_PREVIEWS = YES;
				INFOPLIST_FILE = "personal-planner/Info.plist";
				LD_RUNPATH_SEARCH_PATHS = (
					"$(inherited)",
					"@executable_path/Frameworks",
				);
				MARKETING_VERSION = 0.1;
				PRODUCT_BUNDLE_IDENTIFIER = "com.calvinaquino.personal-planner";
				PRODUCT_NAME = "$(TARGET_NAME)";
				SUPPORTS_MACCATALYST = YES;
				SWIFT_VERSION = 5.0;
				TARGETED_DEVICE_FAMILY = "1,2";
			};
			name = Debug;
		};
		44B24BAB24007B3600B4EA0B /* Release */ = {
			isa = XCBuildConfiguration;
			buildSettings = {
				ASSETCATALOG_COMPILER_APPICON_NAME = AppIcon;
				CODE_SIGN_ENTITLEMENTS = "personal-planner/personal-planner.entitlements";
				CODE_SIGN_STYLE = Automatic;
				DERIVE_MACCATALYST_PRODUCT_BUNDLE_IDENTIFIER = YES;
				DEVELOPMENT_ASSET_PATHS = "\"personal-planner/Preview Content\"";
				DEVELOPMENT_TEAM = 5F35F2ZNFF;
				ENABLE_PREVIEWS = YES;
				INFOPLIST_FILE = "personal-planner/Info.plist";
				LD_RUNPATH_SEARCH_PATHS = (
					"$(inherited)",
					"@executable_path/Frameworks",
				);
				MARKETING_VERSION = 0.1;
				PRODUCT_BUNDLE_IDENTIFIER = "com.calvinaquino.personal-planner";
				PRODUCT_NAME = "$(TARGET_NAME)";
				SUPPORTS_MACCATALYST = YES;
				SWIFT_VERSION = 5.0;
				TARGETED_DEVICE_FAMILY = "1,2";
			};
			name = Release;
		};
		44B24BAD24007B3600B4EA0B /* Debug */ = {
			isa = XCBuildConfiguration;
			buildSettings = {
				ALWAYS_EMBED_SWIFT_STANDARD_LIBRARIES = YES;
				BUNDLE_LOADER = "$(TEST_HOST)";
				CODE_SIGN_STYLE = Automatic;
				DEVELOPMENT_TEAM = 5F35F2ZNFF;
				INFOPLIST_FILE = "personal-plannerTests/Info.plist";
				IPHONEOS_DEPLOYMENT_TARGET = 13.2;
				LD_RUNPATH_SEARCH_PATHS = (
					"$(inherited)",
					"@executable_path/Frameworks",
					"@loader_path/Frameworks",
				);
				PRODUCT_BUNDLE_IDENTIFIER = "com.calvinaquino.personal-plannerTests";
				PRODUCT_NAME = "$(TARGET_NAME)";
				SWIFT_VERSION = 5.0;
				TARGETED_DEVICE_FAMILY = "1,2";
				TEST_HOST = "$(BUILT_PRODUCTS_DIR)/personal-planner.app/personal-planner";
			};
			name = Debug;
		};
		44B24BAE24007B3600B4EA0B /* Release */ = {
			isa = XCBuildConfiguration;
			buildSettings = {
				ALWAYS_EMBED_SWIFT_STANDARD_LIBRARIES = YES;
				BUNDLE_LOADER = "$(TEST_HOST)";
				CODE_SIGN_STYLE = Automatic;
				DEVELOPMENT_TEAM = 5F35F2ZNFF;
				INFOPLIST_FILE = "personal-plannerTests/Info.plist";
				IPHONEOS_DEPLOYMENT_TARGET = 13.2;
				LD_RUNPATH_SEARCH_PATHS = (
					"$(inherited)",
					"@executable_path/Frameworks",
					"@loader_path/Frameworks",
				);
				PRODUCT_BUNDLE_IDENTIFIER = "com.calvinaquino.personal-plannerTests";
				PRODUCT_NAME = "$(TARGET_NAME)";
				SWIFT_VERSION = 5.0;
				TARGETED_DEVICE_FAMILY = "1,2";
				TEST_HOST = "$(BUILT_PRODUCTS_DIR)/personal-planner.app/personal-planner";
			};
			name = Release;
		};
		44B24BB024007B3600B4EA0B /* Debug */ = {
			isa = XCBuildConfiguration;
			buildSettings = {
				ALWAYS_EMBED_SWIFT_STANDARD_LIBRARIES = YES;
				CODE_SIGN_STYLE = Automatic;
				DEVELOPMENT_TEAM = 5F35F2ZNFF;
				INFOPLIST_FILE = "personal-plannerUITests/Info.plist";
				LD_RUNPATH_SEARCH_PATHS = (
					"$(inherited)",
					"@executable_path/Frameworks",
					"@loader_path/Frameworks",
				);
				PRODUCT_BUNDLE_IDENTIFIER = "com.calvinaquino.personal-plannerUITests";
				PRODUCT_NAME = "$(TARGET_NAME)";
				SWIFT_VERSION = 5.0;
				TARGETED_DEVICE_FAMILY = "1,2";
				TEST_TARGET_NAME = "personal-planner";
			};
			name = Debug;
		};
		44B24BB124007B3600B4EA0B /* Release */ = {
			isa = XCBuildConfiguration;
			buildSettings = {
				ALWAYS_EMBED_SWIFT_STANDARD_LIBRARIES = YES;
				CODE_SIGN_STYLE = Automatic;
				DEVELOPMENT_TEAM = 5F35F2ZNFF;
				INFOPLIST_FILE = "personal-plannerUITests/Info.plist";
				LD_RUNPATH_SEARCH_PATHS = (
					"$(inherited)",
					"@executable_path/Frameworks",
					"@loader_path/Frameworks",
				);
				PRODUCT_BUNDLE_IDENTIFIER = "com.calvinaquino.personal-plannerUITests";
				PRODUCT_NAME = "$(TARGET_NAME)";
				SWIFT_VERSION = 5.0;
				TARGETED_DEVICE_FAMILY = "1,2";
				TEST_TARGET_NAME = "personal-planner";
			};
			name = Release;
		};
/* End XCBuildConfiguration section */

/* Begin XCConfigurationList section */
		44B24B7724007B3300B4EA0B /* Build configuration list for PBXProject "personal-planner" */ = {
			isa = XCConfigurationList;
			buildConfigurations = (
				44B24BA724007B3600B4EA0B /* Debug */,
				44B24BA824007B3600B4EA0B /* Release */,
			);
			defaultConfigurationIsVisible = 0;
			defaultConfigurationName = Release;
		};
		44B24BA924007B3600B4EA0B /* Build configuration list for PBXNativeTarget "personal-planner" */ = {
			isa = XCConfigurationList;
			buildConfigurations = (
				44B24BAA24007B3600B4EA0B /* Debug */,
				44B24BAB24007B3600B4EA0B /* Release */,
			);
			defaultConfigurationIsVisible = 0;
			defaultConfigurationName = Release;
		};
		44B24BAC24007B3600B4EA0B /* Build configuration list for PBXNativeTarget "personal-plannerTests" */ = {
			isa = XCConfigurationList;
			buildConfigurations = (
				44B24BAD24007B3600B4EA0B /* Debug */,
				44B24BAE24007B3600B4EA0B /* Release */,
			);
			defaultConfigurationIsVisible = 0;
			defaultConfigurationName = Release;
		};
		44B24BAF24007B3600B4EA0B /* Build configuration list for PBXNativeTarget "personal-plannerUITests" */ = {
			isa = XCConfigurationList;
			buildConfigurations = (
				44B24BB024007B3600B4EA0B /* Debug */,
				44B24BB124007B3600B4EA0B /* Release */,
			);
			defaultConfigurationIsVisible = 0;
			defaultConfigurationName = Release;
		};
/* End XCConfigurationList section */

/* Begin XCVersionGroup section */
		44B24B8324007B3300B4EA0B /* personal_planner.xcdatamodeld */ = {
			isa = XCVersionGroup;
			children = (
				44B24B8424007B3300B4EA0B /* personal_planner.xcdatamodel */,
			);
			currentVersion = 44B24B8424007B3300B4EA0B /* personal_planner.xcdatamodel */;
			path = personal_planner.xcdatamodeld;
			sourceTree = "<group>";
			versionGroupType = wrapper.xcdatamodel;
		};
/* End XCVersionGroup section */
	};
	rootObject = 44B24B7424007B3300B4EA0B /* Project object */;
}
